
Microsoft Visual Studio Solution File, Format Version 12.00
# Visual Studio Version 17
VisualStudioVersion = 17.11.35327.3
MinimumVisualStudioVersion = 10.0.40219.1
Project("{2150E333-8FDC-42A3-9474-1A3956D46DE8}") = "Task0", "Task0", "{5F0076A9-90CA-46DB-A528-0C0EE4A0B4EE}"
EndProject
Project("{FAE04EC0-301F-11D3-BF4B-00C04F79EFBC}") = "Tyuiu.MerzhinskiyOO.Sprint0.Task0.V1", "Tyuiu.MerzhinskiyOO.Sprint0.Task0.V1\Tyuiu.MerzhinskiyOO.Sprint0.Task0.V1.csproj", "{857A2358-FEC8-45E9-88A1-A15DC0A5D806}"
EndProject
Project("{2150E333-8FDC-42A3-9474-1A3956D46DE8}") = "Task1", "Task1", "{631C9BD6-6095-44A4-A19C-69B307651682}"
EndProject
Project("{FAE04EC0-301F-11D3-BF4B-00C04F79EFBC}") = "Tyuiu.MerzhinskiyOO.Sprint0.Task1.V1", "Tyuiu.MerzhinskiyOO.Sprint0.Task1.V1\Tyuiu.MerzhinskiyOO.Sprint0.Task1.V1.csproj", "{4EF0B560-18D2-4F92-94B5-5DA7A7FB6B53}"
EndProject
Project("{2150E333-8FDC-42A3-9474-1A3956D46DE8}") = "Task2", "Task2", "{F4A99B72-6F1D-400C-A693-A89D68F9FE56}"
EndProject
Project("{FAE04EC0-301F-11D3-BF4B-00C04F79EFBC}") = "Tyuiu.MerzhinskiyOO.Sprint0.Task2.V1", "Tyuiu.MerzhinskiyOO.Sprint0.Task2.V1\Tyuiu.MerzhinskiyOO.Sprint0.Task2.V1.csproj", "{21497B9B-AF1E-4F16-A63B-E9C052701BFD}"
EndProject
Project("{FAE04EC0-301F-11D3-BF4B-00C04F79EFBC}") = "Tyuiu.MerzhinskiyOO.Sprint0.Task2.V1.Lib", "Tyuiu.MerzhinskiyOO.Sprint0.Task2.V1.Lib\Tyuiu.MerzhinskiyOO.Sprint0.Task2.V1.Lib.csproj", "{644278AB-67A2-47EF-95B7-033E34FC8832}"
EndProject
Project("{FAE04EC0-301F-11D3-BF4B-00C04F79EFBC}") = "Tyuiu.MerzhinskiyOO.Sprint0.Task2.V1.Test", "Tyuiu.MerzhinskiyOO.Sprint0.Task2.V1.Test\Tyuiu.MerzhinskiyOO.Sprint0.Task2.V1.Test.csproj", "{0A7B8FD8-B688-4BD8-A643-223B7BF51088}"
EndProject
Project("{2150E333-8FDC-42A3-9474-1A3956D46DE8}") = "Task3", "Task3", "{68B7AFCA-2B82-4EF0-B36E-9DEA1D298B6B}"
EndProject
Project("{FAE04EC0-301F-11D3-BF4B-00C04F79EFBC}") = "Tyuiu.MerzhinskiyOO.Sprint0.Task3.V1", "Tyuiu.MerzhinskiyOO.Sprint0.Task3.V1\Tyuiu.MerzhinskiyOO.Sprint0.Task3.V1.csproj", "{FB195E92-5E6A-4E1D-B2DE-188ABBC1C644}"
EndProject
Project("{FAE04EC0-301F-11D3-BF4B-00C04F79EFBC}") = "Tyuiu.MerzhinskiyOO.Sprint0.Task3.V1.Lib", "Tyuiu.MerzhinskiyOO.Sprint0.Task3.V1Lib\Tyuiu.MerzhinskiyOO.Sprint0.Task3.V1.Lib.csproj", "{950FA25A-D814-4B94-A817-89852D542A71}"
EndProject
Project("{FAE04EC0-301F-11D3-BF4B-00C04F79EFBC}") = "Tyuiu.MerzhinskiyOO.Sprint0.Task3.V1.Test", "Tyuiu.MerzhinskiyOO.Sprint0.Task3.V1.Test\Tyuiu.MerzhinskiyOO.Sprint0.Task3.V1.Test.csproj", "{F086CF77-AF6F-408B-8B1A-51B61F4873FD}"
EndProject
Project("{2150E333-8FDC-42A3-9474-1A3956D46DE8}") = "Task4", "Task4", "{2305C763-5B9F-4A8C-87DA-57F14C89D984}"
EndProject
Project("{FAE04EC0-301F-11D3-BF4B-00C04F79EFBC}") = "Tyuiu.MerzhinskiyOO.Sprint0.Task4.V1", "Tyuiu.MerzhinskiyOO.Sprint0.Task4.V1\Tyuiu.MerzhinskiyOO.Sprint0.Task4.V1.csproj", "{142BAC2B-6CDD-4953-84BA-C469032BF038}"
EndProject
Project("{FAE04EC0-301F-11D3-BF4B-00C04F79EFBC}") = "Tyuiu.MerzhinskiyOO.Sprint0.Task4.V1.Lib", "Tyuiu.MerzhinskiyOO.Sprint0.Task4.V1.Lib\Tyuiu.MerzhinskiyOO.Sprint0.Task4.V1.Lib.csproj", "{E139DD42-CAB1-485A-BA4B-A579D1A092F3}"
EndProject
Project("{FAE04EC0-301F-11D3-BF4B-00C04F79EFBC}") = "Tyuiu.MerzhinskiyOO.Sprint0.Task4.V1.Test", "Tyuiu.MerzhinskiyOO.Sprint0.Task4.V1.Test\Tyuiu.MerzhinskiyOO.Sprint0.Task4.V1.Test.csproj", "{06723539-2A85-4CE9-8A74-8069EB9E779C}"
EndProject
Project("{2150E333-8FDC-42A3-9474-1A3956D46DE8}") = "Task5", "Task5", "{6F7E6FF4-E5DF-4CC1-BE5A-1FA3ACBEEC55}"
EndProject
Project("{FAE04EC0-301F-11D3-BF4B-00C04F79EFBC}") = "Tyuiu.MerzhinskiyOO.Sprint0.Task5.V1", "Tyuiu.MerzhinskiyOO.Sprint0.Task5.V1\Tyuiu.MerzhinskiyOO.Sprint0.Task5.V1.csproj", "{038E2B9A-A861-4FAF-BC1B-CC1BF5872533}"
EndProject
Project("{FAE04EC0-301F-11D3-BF4B-00C04F79EFBC}") = "Tyuiu.MerzhinskiyOO.Sprint0.Task5.V1.Test", "Tyuiu.MerzhinskiyOO.Sprint0.Task5.V1.Test\Tyuiu.MerzhinskiyOO.Sprint0.Task5.V1.Test.csproj", "{8420D4FF-7E53-43D3-ADF7-8A1F83288D6B}"
EndProject
Project("{FAE04EC0-301F-11D3-BF4B-00C04F79EFBC}") = "Tyuiu.MerzhinskiyOO.Sprint0.Task5.V1.Lib", "Tyuiu.MerzhinskiyOO.Sprint0.Task5.V1.Lib\Tyuiu.MerzhinskiyOO.Sprint0.Task5.V1.Lib.csproj", "{558F08EA-F992-4325-B4A5-7F5268B2B1E5}"
EndProject
Project("{2150E333-8FDC-42A3-9474-1A3956D46DE8}") = "Task6", "Task6", "{ECBAEE81-72E0-47E8-AC13-B035C034A4E8}"
EndProject
Project("{FAE04EC0-301F-11D3-BF4B-00C04F79EFBC}") = "Tyuiu.MerzhinskiyOO.Sprint0.Task6.V1", "Tyuiu.MerzhinskiyOO.Sprint0.Task6.V1\Tyuiu.MerzhinskiyOO.Sprint0.Task6.V1.csproj", "{8DC3A250-FC93-4E18-8887-88386BEB7354}"
EndProject
Project("{FAE04EC0-301F-11D3-BF4B-00C04F79EFBC}") = "Tyuiu.MerzhinskiyOO.Sprint0.Task6.V1.Lib", "Tyuiu.MerzhinskiyOO.Sprint0.Task6.V1.Lib\Tyuiu.MerzhinskiyOO.Sprint0.Task6.V1.Lib.csproj", "{A9CE9C98-FCE0-4039-9074-0BE9830EA469}"
EndProject
Project("{FAE04EC0-301F-11D3-BF4B-00C04F79EFBC}") = "Tyuiu.MerzhinskiyOO.Sprint0.Task6.V1.Test", "Tyuiu.MerzhinskiyOO.Sprint0.Task6.V1.Test\Tyuiu.MerzhinskiyOO.Sprint0.Task6.V1.Test.csproj", "{3FABAE5E-DA04-44BE-B744-7B8E58819915}"
EndProject
Project("{2150E333-8FDC-42A3-9474-1A3956D46DE8}") = "Task7", "Task7", "{0D137658-3E59-4F3F-B63D-27DB2C4A361A}"
EndProject
Project("{FAE04EC0-301F-11D3-BF4B-00C04F79EFBC}") = "Tyuiu.MerzhinskiyOO.Sprint0.Task7.V1", "Tyuiu.MerzhinskiyOO.Sprint0.Task7.V1\Tyuiu.MerzhinskiyOO.Sprint0.Task7.V1.csproj", "{C126279D-AB82-4837-9D2B-8E7B7527FC84}"
EndProject
Project("{FAE04EC0-301F-11D3-BF4B-00C04F79EFBC}") = "Tyuiu.MerzhinskiyOO.Sprint0.Task7.V1.Lib", "Tyuiu.MerzhinskiyOO.Sprint0.Task7.V1.Lib\Tyuiu.MerzhinskiyOO.Sprint0.Task7.V1.Lib.csproj", "{A8199C11-74D9-43F1-9362-3BF31DEA0109}"
EndProject
Project("{FAE04EC0-301F-11D3-BF4B-00C04F79EFBC}") = "Tyuiu.MerzhinskiyOO.Sprint0.Task7.V1.Test", "Tyuiu.MerzhinskiyOO.Sprint0.Task7.V1.Test\Tyuiu.MerzhinskiyOO.Sprint0.Task7.V1.Test.csproj", "{FC15917C-8AA4-4804-B0D8-6398204C58EC}"
EndProject
Global
	GlobalSection(SolutionConfigurationPlatforms) = preSolution
		Debug|Any CPU = Debug|Any CPU
		Release|Any CPU = Release|Any CPU
	EndGlobalSection
	GlobalSection(ProjectConfigurationPlatforms) = postSolution
		{857A2358-FEC8-45E9-88A1-A15DC0A5D806}.Debug|Any CPU.ActiveCfg = Debug|Any CPU
		{857A2358-FEC8-45E9-88A1-A15DC0A5D806}.Debug|Any CPU.Build.0 = Debug|Any CPU
		{857A2358-FEC8-45E9-88A1-A15DC0A5D806}.Release|Any CPU.ActiveCfg = Release|Any CPU
		{857A2358-FEC8-45E9-88A1-A15DC0A5D806}.Release|Any CPU.Build.0 = Release|Any CPU
		{4EF0B560-18D2-4F92-94B5-5DA7A7FB6B53}.Debug|Any CPU.ActiveCfg = Debug|Any CPU
		{4EF0B560-18D2-4F92-94B5-5DA7A7FB6B53}.Debug|Any CPU.Build.0 = Debug|Any CPU
		{4EF0B560-18D2-4F92-94B5-5DA7A7FB6B53}.Release|Any CPU.ActiveCfg = Release|Any CPU
		{4EF0B560-18D2-4F92-94B5-5DA7A7FB6B53}.Release|Any CPU.Build.0 = Release|Any CPU
		{21497B9B-AF1E-4F16-A63B-E9C052701BFD}.Debug|Any CPU.ActiveCfg = Debug|Any CPU
		{21497B9B-AF1E-4F16-A63B-E9C052701BFD}.Debug|Any CPU.Build.0 = Debug|Any CPU
		{21497B9B-AF1E-4F16-A63B-E9C052701BFD}.Release|Any CPU.ActiveCfg = Release|Any CPU
		{21497B9B-AF1E-4F16-A63B-E9C052701BFD}.Release|Any CPU.Build.0 = Release|Any CPU
		{644278AB-67A2-47EF-95B7-033E34FC8832}.Debug|Any CPU.ActiveCfg = Debug|Any CPU
		{644278AB-67A2-47EF-95B7-033E34FC8832}.Debug|Any CPU.Build.0 = Debug|Any CPU
		{644278AB-67A2-47EF-95B7-033E34FC8832}.Release|Any CPU.ActiveCfg = Release|Any CPU
		{644278AB-67A2-47EF-95B7-033E34FC8832}.Release|Any CPU.Build.0 = Release|Any CPU
		{0A7B8FD8-B688-4BD8-A643-223B7BF51088}.Debug|Any CPU.ActiveCfg = Debug|Any CPU
		{0A7B8FD8-B688-4BD8-A643-223B7BF51088}.Debug|Any CPU.Build.0 = Debug|Any CPU
		{0A7B8FD8-B688-4BD8-A643-223B7BF51088}.Release|Any CPU.ActiveCfg = Release|Any CPU
		{0A7B8FD8-B688-4BD8-A643-223B7BF51088}.Release|Any CPU.Build.0 = Release|Any CPU
		{FB195E92-5E6A-4E1D-B2DE-188ABBC1C644}.Debug|Any CPU.ActiveCfg = Debug|Any CPU
		{FB195E92-5E6A-4E1D-B2DE-188ABBC1C644}.Debug|Any CPU.Build.0 = Debug|Any CPU
		{FB195E92-5E6A-4E1D-B2DE-188ABBC1C644}.Release|Any CPU.ActiveCfg = Release|Any CPU
		{FB195E92-5E6A-4E1D-B2DE-188ABBC1C644}.Release|Any CPU.Build.0 = Release|Any CPU
		{950FA25A-D814-4B94-A817-89852D542A71}.Debug|Any CPU.ActiveCfg = Debug|Any CPU
		{950FA25A-D814-4B94-A817-89852D542A71}.Debug|Any CPU.Build.0 = Debug|Any CPU
		{950FA25A-D814-4B94-A817-89852D542A71}.Release|Any CPU.ActiveCfg = Release|Any CPU
		{950FA25A-D814-4B94-A817-89852D542A71}.Release|Any CPU.Build.0 = Release|Any CPU
		{F086CF77-AF6F-408B-8B1A-51B61F4873FD}.Debug|Any CPU.ActiveCfg = Debug|Any CPU
		{F086CF77-AF6F-408B-8B1A-51B61F4873FD}.Debug|Any CPU.Build.0 = Debug|Any CPU
		{F086CF77-AF6F-408B-8B1A-51B61F4873FD}.Release|Any CPU.ActiveCfg = Release|Any CPU
		{F086CF77-AF6F-408B-8B1A-51B61F4873FD}.Release|Any CPU.Build.0 = Release|Any CPU
		{142BAC2B-6CDD-4953-84BA-C469032BF038}.Debug|Any CPU.ActiveCfg = Debug|Any CPU
		{142BAC2B-6CDD-4953-84BA-C469032BF038}.Debug|Any CPU.Build.0 = Debug|Any CPU
		{142BAC2B-6CDD-4953-84BA-C469032BF038}.Release|Any CPU.ActiveCfg = Release|Any CPU
		{142BAC2B-6CDD-4953-84BA-C469032BF038}.Release|Any CPU.Build.0 = Release|Any CPU
		{E139DD42-CAB1-485A-BA4B-A579D1A092F3}.Debug|Any CPU.ActiveCfg = Debug|Any CPU
		{E139DD42-CAB1-485A-BA4B-A579D1A092F3}.Debug|Any CPU.Build.0 = Debug|Any CPU
		{E139DD42-CAB1-485A-BA4B-A579D1A092F3}.Release|Any CPU.ActiveCfg = Release|Any CPU
		{E139DD42-CAB1-485A-BA4B-A579D1A092F3}.Release|Any CPU.Build.0 = Release|Any CPU
		{06723539-2A85-4CE9-8A74-8069EB9E779C}.Debug|Any CPU.ActiveCfg = Debug|Any CPU
		{06723539-2A85-4CE9-8A74-8069EB9E779C}.Debug|Any CPU.Build.0 = Debug|Any CPU
		{06723539-2A85-4CE9-8A74-8069EB9E779C}.Release|Any CPU.ActiveCfg = Release|Any CPU
		{06723539-2A85-4CE9-8A74-8069EB9E779C}.Release|Any CPU.Build.0 = Release|Any CPU
		{038E2B9A-A861-4FAF-BC1B-CC1BF5872533}.Debug|Any CPU.ActiveCfg = Debug|Any CPU
		{038E2B9A-A861-4FAF-BC1B-CC1BF5872533}.Debug|Any CPU.Build.0 = Debug|Any CPU
		{038E2B9A-A861-4FAF-BC1B-CC1BF5872533}.Release|Any CPU.ActiveCfg = Release|Any CPU
		{038E2B9A-A861-4FAF-BC1B-CC1BF5872533}.Release|Any CPU.Build.0 = Release|Any CPU
		{8420D4FF-7E53-43D3-ADF7-8A1F83288D6B}.Debug|Any CPU.ActiveCfg = Debug|Any CPU
		{8420D4FF-7E53-43D3-ADF7-8A1F83288D6B}.Debug|Any CPU.Build.0 = Debug|Any CPU
		{8420D4FF-7E53-43D3-ADF7-8A1F83288D6B}.Release|Any CPU.ActiveCfg = Release|Any CPU
		{8420D4FF-7E53-43D3-ADF7-8A1F83288D6B}.Release|Any CPU.Build.0 = Release|Any CPU
		{558F08EA-F992-4325-B4A5-7F5268B2B1E5}.Debug|Any CPU.ActiveCfg = Debug|Any CPU
		{558F08EA-F992-4325-B4A5-7F5268B2B1E5}.Debug|Any CPU.Build.0 = Debug|Any CPU
		{558F08EA-F992-4325-B4A5-7F5268B2B1E5}.Release|Any CPU.ActiveCfg = Release|Any CPU
		{558F08EA-F992-4325-B4A5-7F5268B2B1E5}.Release|Any CPU.Build.0 = Release|Any CPU
		{8DC3A250-FC93-4E18-8887-88386BEB7354}.Debug|Any CPU.ActiveCfg = Debug|Any CPU
		{8DC3A250-FC93-4E18-8887-88386BEB7354}.Debug|Any CPU.Build.0 = Debug|Any CPU
		{8DC3A250-FC93-4E18-8887-88386BEB7354}.Release|Any CPU.ActiveCfg = Release|Any CPU
		{8DC3A250-FC93-4E18-8887-88386BEB7354}.Release|Any CPU.Build.0 = Release|Any CPU
		{A9CE9C98-FCE0-4039-9074-0BE9830EA469}.Debug|Any CPU.ActiveCfg = Debug|Any CPU
		{A9CE9C98-FCE0-4039-9074-0BE9830EA469}.Debug|Any CPU.Build.0 = Debug|Any CPU
		{A9CE9C98-FCE0-4039-9074-0BE9830EA469}.Release|Any CPU.ActiveCfg = Release|Any CPU
		{A9CE9C98-FCE0-4039-9074-0BE9830EA469}.Release|Any CPU.Build.0 = Release|Any CPU
		{3FABAE5E-DA04-44BE-B744-7B8E58819915}.Debug|Any CPU.ActiveCfg = Debug|Any CPU
		{3FABAE5E-DA04-44BE-B744-7B8E58819915}.Debug|Any CPU.Build.0 = Debug|Any CPU
		{3FABAE5E-DA04-44BE-B744-7B8E58819915}.Release|Any CPU.ActiveCfg = Release|Any CPU
		{3FABAE5E-DA04-44BE-B744-7B8E58819915}.Release|Any CPU.Build.0 = Release|Any CPU
		{C126279D-AB82-4837-9D2B-8E7B7527FC84}.Debug|Any CPU.ActiveCfg = Debug|Any CPU
		{C126279D-AB82-4837-9D2B-8E7B7527FC84}.Debug|Any CPU.Build.0 = Debug|Any CPU
		{C126279D-AB82-4837-9D2B-8E7B7527FC84}.Release|Any CPU.ActiveCfg = Release|Any CPU
		{C126279D-AB82-4837-9D2B-8E7B7527FC84}.Release|Any CPU.Build.0 = Release|Any CPU
		{A8199C11-74D9-43F1-9362-3BF31DEA0109}.Debug|Any CPU.ActiveCfg = Debug|Any CPU
		{A8199C11-74D9-43F1-9362-3BF31DEA0109}.Debug|Any CPU.Build.0 = Debug|Any CPU
		{A8199C11-74D9-43F1-9362-3BF31DEA0109}.Release|Any CPU.ActiveCfg = Release|Any CPU
		{A8199C11-74D9-43F1-9362-3BF31DEA0109}.Release|Any CPU.Build.0 = Release|Any CPU
		{FC15917C-8AA4-4804-B0D8-6398204C58EC}.Debug|Any CPU.ActiveCfg = Debug|Any CPU
		{FC15917C-8AA4-4804-B0D8-6398204C58EC}.Debug|Any CPU.Build.0 = Debug|Any CPU
		{FC15917C-8AA4-4804-B0D8-6398204C58EC}.Release|Any CPU.ActiveCfg = Release|Any CPU
		{FC15917C-8AA4-4804-B0D8-6398204C58EC}.Release|Any CPU.Build.0 = Release|Any CPU
	EndGlobalSection
	GlobalSection(SolutionProperties) = preSolution
		HideSolutionNode = FALSE
	EndGlobalSection
	GlobalSection(NestedProjects) = preSolution
		{857A2358-FEC8-45E9-88A1-A15DC0A5D806} = {5F0076A9-90CA-46DB-A528-0C0EE4A0B4EE}
		{4EF0B560-18D2-4F92-94B5-5DA7A7FB6B53} = {631C9BD6-6095-44A4-A19C-69B307651682}
		{21497B9B-AF1E-4F16-A63B-E9C052701BFD} = {F4A99B72-6F1D-400C-A693-A89D68F9FE56}
		{644278AB-67A2-47EF-95B7-033E34FC8832} = {F4A99B72-6F1D-400C-A693-A89D68F9FE56}
		{0A7B8FD8-B688-4BD8-A643-223B7BF51088} = {F4A99B72-6F1D-400C-A693-A89D68F9FE56}
		{FB195E92-5E6A-4E1D-B2DE-188ABBC1C644} = {68B7AFCA-2B82-4EF0-B36E-9DEA1D298B6B}
		{950FA25A-D814-4B94-A817-89852D542A71} = {68B7AFCA-2B82-4EF0-B36E-9DEA1D298B6B}
		{F086CF77-AF6F-408B-8B1A-51B61F4873FD} = {68B7AFCA-2B82-4EF0-B36E-9DEA1D298B6B}
		{142BAC2B-6CDD-4953-84BA-C469032BF038} = {2305C763-5B9F-4A8C-87DA-57F14C89D984}
		{E139DD42-CAB1-485A-BA4B-A579D1A092F3} = {2305C763-5B9F-4A8C-87DA-57F14C89D984}
		{06723539-2A85-4CE9-8A74-8069EB9E779C} = {2305C763-5B9F-4A8C-87DA-57F14C89D984}
		{038E2B9A-A861-4FAF-BC1B-CC1BF5872533} = {6F7E6FF4-E5DF-4CC1-BE5A-1FA3ACBEEC55}
		{8420D4FF-7E53-43D3-ADF7-8A1F83288D6B} = {6F7E6FF4-E5DF-4CC1-BE5A-1FA3ACBEEC55}
		{558F08EA-F992-4325-B4A5-7F5268B2B1E5} = {6F7E6FF4-E5DF-4CC1-BE5A-1FA3ACBEEC55}
		{8DC3A250-FC93-4E18-8887-88386BEB7354} = {ECBAEE81-72E0-47E8-AC13-B035C034A4E8}
		{A9CE9C98-FCE0-4039-9074-0BE9830EA469} = {ECBAEE81-72E0-47E8-AC13-B035C034A4E8}
		{3FABAE5E-DA04-44BE-B744-7B8E58819915} = {ECBAEE81-72E0-47E8-AC13-B035C034A4E8}
		{C126279D-AB82-4837-9D2B-8E7B7527FC84} = {0D137658-3E59-4F3F-B63D-27DB2C4A361A}
		{A8199C11-74D9-43F1-9362-3BF31DEA0109} = {0D137658-3E59-4F3F-B63D-27DB2C4A361A}
		{FC15917C-8AA4-4804-B0D8-6398204C58EC} = {0D137658-3E59-4F3F-B63D-27DB2C4A361A}
	EndGlobalSection
	GlobalSection(ExtensibilityGlobals) = postSolution
		SolutionGuid = {5E59C388-9799-4988-88DB-B9042E6233E9}
	EndGlobalSection
EndGlobal
