
Microsoft Visual Studio Solution File, Format Version 12.00
# Visual Studio Version 17
VisualStudioVersion = 17.11.35327.3
MinimumVisualStudioVersion = 10.0.40219.1
Project("{2150E333-8FDC-42A3-9474-1A3956D46DE8}") = "Task0", "Task0", "{5F0076A9-90CA-46DB-A528-0C0EE4A0B4EE}"
EndProject
Project("{FAE04EC0-301F-11D3-BF4B-00C04F79EFBC}") = "Tyuiu.MerzhinskiyOO.Sprint0.Task0.V1", "Tyuiu.MerzhinskiyOO.Sprint0.Task0.V1\Tyuiu.MerzhinskiyOO.Sprint0.Task0.V1.csproj", "{857A2358-FEC8-45E9-88A1-A15DC0A5D806}"
EndProject
Project("{2150E333-8FDC-42A3-9474-1A3956D46DE8}") = "Task1", "Task1", "{631C9BD6-6095-44A4-A19C-69B307651682}"
EndProject
Project("{FAE04EC0-301F-11D3-BF4B-00C04F79EFBC}") = "Tyuiu.MerzhinskiyOO.Sprint0.Task1.V1", "Tyuiu.MerzhinskiyOO.Sprint0.Task1.V1\Tyuiu.MerzhinskiyOO.Sprint0.Task1.V1.csproj", "{4EF0B560-18D2-4F92-94B5-5DA7A7FB6B53}"
EndProject
Project("{2150E333-8FDC-42A3-9474-1A3956D46DE8}") = "Task2", "Task2", "{F4A99B72-6F1D-400C-A693-A89D68F9FE56}"
EndProject
Project("{FAE04EC0-301F-11D3-BF4B-00C04F79EFBC}") = "Tyuiu.MerzhinskiyOO.Sprint0.Task2.V1", "Tyuiu.MerzhinskiyOO.Sprint0.Task2.V1\Tyuiu.MerzhinskiyOO.Sprint0.Task2.V1.csproj", "{21497B9B-AF1E-4F16-A63B-E9C052701BFD}"
EndProject
Project("{FAE04EC0-301F-11D3-BF4B-00C04F79EFBC}") = "Tyuiu.MerzhinskiyOO.Sprint0.Task2.V1.Lib", "Tyuiu.MerzhinskiyOO.Sprint0.Task2.V1.Lib\Tyuiu.MerzhinskiyOO.Sprint0.Task2.V1.Lib.csproj", "{644278AB-67A2-47EF-95B7-033E34FC8832}"
EndProject
Project("{FAE04EC0-301F-11D3-BF4B-00C04F79EFBC}") = "Tyuiu.MerzhinskiyOO.Sprint0.Task2.V1.Test", "Tyuiu.MerzhinskiyOO.Sprint0.Task2.V1.Test\Tyuiu.MerzhinskiyOO.Sprint0.Task2.V1.Test.csproj", "{0A7B8FD8-B688-4BD8-A643-223B7BF51088}"
EndProject
Project("{2150E333-8FDC-42A3-9474-1A3956D46DE8}") = "Task3", "Task3", "{68B7AFCA-2B82-4EF0-B36E-9DEA1D298B6B}"
EndProject
Project("{FAE04EC0-301F-11D3-BF4B-00C04F79EFBC}") = "Tyuiu.MerzhinskiyOO.Sprint0.Task3.V1", "Tyuiu.MerzhinskiyOO.Sprint0.Task3.V1\Tyuiu.MerzhinskiyOO.Sprint0.Task3.V1.csproj", "{FB195E92-5E6A-4E1D-B2DE-188ABBC1C644}"
EndProject
Project("{FAE04EC0-301F-11D3-BF4B-00C04F79EFBC}") = "Tyuiu.MerzhinskiyOO.Sprint0.Task3.V1.Lib", "Tyuiu.MerzhinskiyOO.Sprint0.Task3.V1Lib\Tyuiu.MerzhinskiyOO.Sprint0.Task3.V1.Lib.csproj", "{950FA25A-D814-4B94-A817-89852D542A71}"
EndProject
Project("{FAE04EC0-301F-11D3-BF4B-00C04F79EFBC}") = "Tyuiu.MerzhinskiyOO.Sprint0.Task3.V1.Test", "Tyuiu.MerzhinskiyOO.Sprint0.Task3.V1.Test\Tyuiu.MerzhinskiyOO.Sprint0.Task3.V1.Test.csproj", "{F086CF77-AF6F-408B-8B1A-51B61F4873FD}"
EndProject
Global
	GlobalSection(SolutionConfigurationPlatforms) = preSolution
		Debug|Any CPU = Debug|Any CPU
		Release|Any CPU = Release|Any CPU
	EndGlobalSection
	GlobalSection(ProjectConfigurationPlatforms) = postSolution
		{857A2358-FEC8-45E9-88A1-A15DC0A5D806}.Debug|Any CPU.ActiveCfg = Debug|Any CPU
		{857A2358-FEC8-45E9-88A1-A15DC0A5D806}.Debug|Any CPU.Build.0 = Debug|Any CPU
		{857A2358-FEC8-45E9-88A1-A15DC0A5D806}.Release|Any CPU.ActiveCfg = Release|Any CPU
		{857A2358-FEC8-45E9-88A1-A15DC0A5D806}.Release|Any CPU.Build.0 = Release|Any CPU
		{4EF0B560-18D2-4F92-94B5-5DA7A7FB6B53}.Debug|Any CPU.ActiveCfg = Debug|Any CPU
		{4EF0B560-18D2-4F92-94B5-5DA7A7FB6B53}.Debug|Any CPU.Build.0 = Debug|Any CPU
		{4EF0B560-18D2-4F92-94B5-5DA7A7FB6B53}.Release|Any CPU.ActiveCfg = Release|Any CPU
		{4EF0B560-18D2-4F92-94B5-5DA7A7FB6B53}.Release|Any CPU.Build.0 = Release|Any CPU
		{21497B9B-AF1E-4F16-A63B-E9C052701BFD}.Debug|Any CPU.ActiveCfg = Debug|Any CPU
		{21497B9B-AF1E-4F16-A63B-E9C052701BFD}.Debug|Any CPU.Build.0 = Debug|Any CPU
		{21497B9B-AF1E-4F16-A63B-E9C052701BFD}.Release|Any CPU.ActiveCfg = Release|Any CPU
		{21497B9B-AF1E-4F16-A63B-E9C052701BFD}.Release|Any CPU.Build.0 = Release|Any CPU
		{644278AB-67A2-47EF-95B7-033E34FC8832}.Debug|Any CPU.ActiveCfg = Debug|Any CPU
		{644278AB-67A2-47EF-95B7-033E34FC8832}.Debug|Any CPU.Build.0 = Debug|Any CPU
		{644278AB-67A2-47EF-95B7-033E34FC8832}.Release|Any CPU.ActiveCfg = Release|Any CPU
		{644278AB-67A2-47EF-95B7-033E34FC8832}.Release|Any CPU.Build.0 = Release|Any CPU
		{0A7B8FD8-B688-4BD8-A643-223B7BF51088}.Debug|Any CPU.ActiveCfg = Debug|Any CPU
		{0A7B8FD8-B688-4BD8-A643-223B7BF51088}.Debug|Any CPU.Build.0 = Debug|Any CPU
		{0A7B8FD8-B688-4BD8-A643-223B7BF51088}.Release|Any CPU.ActiveCfg = Release|Any CPU
		{0A7B8FD8-B688-4BD8-A643-223B7BF51088}.Release|Any CPU.Build.0 = Release|Any CPU
		{FB195E92-5E6A-4E1D-B2DE-188ABBC1C644}.Debug|Any CPU.ActiveCfg = Debug|Any CPU
		{FB195E92-5E6A-4E1D-B2DE-188ABBC1C644}.Debug|Any CPU.Build.0 = Debug|Any CPU
		{FB195E92-5E6A-4E1D-B2DE-188ABBC1C644}.Release|Any CPU.ActiveCfg = Release|Any CPU
		{FB195E92-5E6A-4E1D-B2DE-188ABBC1C644}.Release|Any CPU.Build.0 = Release|Any CPU
		{950FA25A-D814-4B94-A817-89852D542A71}.Debug|Any CPU.ActiveCfg = Debug|Any CPU
		{950FA25A-D814-4B94-A817-89852D542A71}.Debug|Any CPU.Build.0 = Debug|Any CPU
		{950FA25A-D814-4B94-A817-89852D542A71}.Release|Any CPU.ActiveCfg = Release|Any CPU
		{950FA25A-D814-4B94-A817-89852D542A71}.Release|Any CPU.Build.0 = Release|Any CPU
		{F086CF77-AF6F-408B-8B1A-51B61F4873FD}.Debug|Any CPU.ActiveCfg = Debug|Any CPU
		{F086CF77-AF6F-408B-8B1A-51B61F4873FD}.Debug|Any CPU.Build.0 = Debug|Any CPU
		{F086CF77-AF6F-408B-8B1A-51B61F4873FD}.Release|Any CPU.ActiveCfg = Release|Any CPU
		{F086CF77-AF6F-408B-8B1A-51B61F4873FD}.Release|Any CPU.Build.0 = Release|Any CPU
	EndGlobalSection
	GlobalSection(SolutionProperties) = preSolution
		HideSolutionNode = FALSE
	EndGlobalSection
	GlobalSection(NestedProjects) = preSolution
		{857A2358-FEC8-45E9-88A1-A15DC0A5D806} = {5F0076A9-90CA-46DB-A528-0C0EE4A0B4EE}
		{4EF0B560-18D2-4F92-94B5-5DA7A7FB6B53} = {631C9BD6-6095-44A4-A19C-69B307651682}
		{21497B9B-AF1E-4F16-A63B-E9C052701BFD} = {F4A99B72-6F1D-400C-A693-A89D68F9FE56}
		{644278AB-67A2-47EF-95B7-033E34FC8832} = {F4A99B72-6F1D-400C-A693-A89D68F9FE56}
		{0A7B8FD8-B688-4BD8-A643-223B7BF51088} = {F4A99B72-6F1D-400C-A693-A89D68F9FE56}
		{FB195E92-5E6A-4E1D-B2DE-188ABBC1C644} = {68B7AFCA-2B82-4EF0-B36E-9DEA1D298B6B}
		{950FA25A-D814-4B94-A817-89852D542A71} = {68B7AFCA-2B82-4EF0-B36E-9DEA1D298B6B}
		{F086CF77-AF6F-408B-8B1A-51B61F4873FD} = {68B7AFCA-2B82-4EF0-B36E-9DEA1D298B6B}
	EndGlobalSection
	GlobalSection(ExtensibilityGlobals) = postSolution
		SolutionGuid = {5E59C388-9799-4988-88DB-B9042E6233E9}
	EndGlobalSection
EndGlobal
